
Microsoft Visual Studio Solution File, Format Version 12.00
# Visual Studio Version 17
VisualStudioVersion = 17.7.34221.43
MinimumVisualStudioVersion = 10.0.40219.1
Project("{9A19103F-16F7-4668-BE54-9A1E7A4F7556}") = "PorcelainAndAlabaster", "PorcelainAndAlabaster\PorcelainAndAlabaster.csproj", "{5138178C-4D86-47F7-AA13-F5222CA3127F}"
EndProject
Project("{9A19103F-16F7-4668-BE54-9A1E7A4F7556}") = "PorcelainAndAlabassterSQLCmdLine", "PorcelainAndAlabassterSQLCmdLine\PorcelainAndAlabassterSQLCmdLine.csproj", "{C7C12774-9A27-464A-B266-17A30DC8C19E}"
EndProject
Global
	GlobalSection(SolutionConfigurationPlatforms) = preSolution
		Debug|Any CPU = Debug|Any CPU
		Release|Any CPU = Release|Any CPU
	EndGlobalSection
	GlobalSection(ProjectConfigurationPlatforms) = postSolution
		{5138178C-4D86-47F7-AA13-F5222CA3127F}.Debug|Any CPU.ActiveCfg = Debug|Any CPU
		{5138178C-4D86-47F7-AA13-F5222CA3127F}.Debug|Any CPU.Build.0 = Debug|Any CPU
		{5138178C-4D86-47F7-AA13-F5222CA3127F}.Release|Any CPU.ActiveCfg = Release|Any CPU
		{5138178C-4D86-47F7-AA13-F5222CA3127F}.Release|Any CPU.Build.0 = Release|Any CPU
		{C7C12774-9A27-464A-B266-17A30DC8C19E}.Debug|Any CPU.ActiveCfg = Debug|Any CPU
		{C7C12774-9A27-464A-B266-17A30DC8C19E}.Debug|Any CPU.Build.0 = Debug|Any CPU
		{C7C12774-9A27-464A-B266-17A30DC8C19E}.Release|Any CPU.ActiveCfg = Release|Any CPU
		{C7C12774-9A27-464A-B266-17A30DC8C19E}.Release|Any CPU.Build.0 = Release|Any CPU
	EndGlobalSection
	GlobalSection(SolutionProperties) = preSolution
		HideSolutionNode = FALSE
	EndGlobalSection
	GlobalSection(ExtensibilityGlobals) = postSolution
		SolutionGuid = {25A176DE-6007-44C8-BB66-95A3861210CE}
	EndGlobalSection
EndGlobal
